// !$*UTF8*$!
{
	archiveVersion = 1;
	classes = {
	};
	objectVersion = 48;
	objects = {

/* Begin PBXBuildFile section */
		5591E16B1F9A2FD200C17060 /* AppDelegate.swift in Sources */ = {isa = PBXBuildFile; fileRef = 5591E16A1F9A2FD200C17060 /* AppDelegate.swift */; };
		5591E16D1F9A2FD200C17060 /* ViewController.swift in Sources */ = {isa = PBXBuildFile; fileRef = 5591E16C1F9A2FD200C17060 /* ViewController.swift */; };
		5591E1701F9A2FD200C17060 /* Main.storyboard in Resources */ = {isa = PBXBuildFile; fileRef = 5591E16E1F9A2FD200C17060 /* Main.storyboard */; };
		5591E1721F9A2FD200C17060 /* Assets.xcassets in Resources */ = {isa = PBXBuildFile; fileRef = 5591E1711F9A2FD200C17060 /* Assets.xcassets */; };
		5591E1751F9A2FD200C17060 /* LaunchScreen.storyboard in Resources */ = {isa = PBXBuildFile; fileRef = 5591E1731F9A2FD200C17060 /* LaunchScreen.storyboard */; };
		5591E1801F9A2FD300C17060 /* Project16Tests.swift in Sources */ = {isa = PBXBuildFile; fileRef = 5591E17F1F9A2FD300C17060 /* Project16Tests.swift */; };
		5591E1911F9A54F700C17060 /* ActionViewController.swift in Sources */ = {isa = PBXBuildFile; fileRef = 5591E1901F9A54F700C17060 /* ActionViewController.swift */; };
		5591E1941F9A54F700C17060 /* MainInterface.storyboard in Resources */ = {isa = PBXBuildFile; fileRef = 5591E1921F9A54F700C17060 /* MainInterface.storyboard */; };
		5591E1981F9A54F700C17060 /* Extension.appex in Embed App Extensions */ = {isa = PBXBuildFile; fileRef = 5591E18E1F9A54F700C17060 /* Extension.appex */; settings = {ATTRIBUTES = (RemoveHeadersOnCopy, ); }; };
		5591E19E1F9A5CE000C17060 /* Action.js in Resources */ = {isa = PBXBuildFile; fileRef = 5591E19D1F9A5CE000C17060 /* Action.js */; };
/* End PBXBuildFile section */

/* Begin PBXContainerItemProxy section */
		5591E17C1F9A2FD200C17060 /* PBXContainerItemProxy */ = {
			isa = PBXContainerItemProxy;
			containerPortal = 5591E15F1F9A2FD200C17060 /* Project object */;
			proxyType = 1;
			remoteGlobalIDString = 5591E1661F9A2FD200C17060;
			remoteInfo = Project16;
		};
		5591E1961F9A54F700C17060 /* PBXContainerItemProxy */ = {
			isa = PBXContainerItemProxy;
			containerPortal = 5591E15F1F9A2FD200C17060 /* Project object */;
			proxyType = 1;
			remoteGlobalIDString = 5591E18D1F9A54F700C17060;
			remoteInfo = Extension;
		};
/* End PBXContainerItemProxy section */

/* Begin PBXCopyFilesBuildPhase section */
		5591E19C1F9A54F700C17060 /* Embed App Extensions */ = {
			isa = PBXCopyFilesBuildPhase;
			buildActionMask = 2147483647;
			dstPath = "";
			dstSubfolderSpec = 13;
			files = (
				5591E1981F9A54F700C17060 /* Extension.appex in Embed App Extensions */,
			);
			name = "Embed App Extensions";
			runOnlyForDeploymentPostprocessing = 0;
		};
/* End PBXCopyFilesBuildPhase section */

/* Begin PBXFileReference section */
		5591E1671F9A2FD200C17060 /* Project16.app */ = {isa = PBXFileReference; explicitFileType = wrapper.application; includeInIndex = 0; path = Project16.app; sourceTree = BUILT_PRODUCTS_DIR; };
		5591E16A1F9A2FD200C17060 /* AppDelegate.swift */ = {isa = PBXFileReference; lastKnownFileType = sourcecode.swift; path = AppDelegate.swift; sourceTree = "<group>"; };
		5591E16C1F9A2FD200C17060 /* ViewController.swift */ = {isa = PBXFileReference; lastKnownFileType = sourcecode.swift; path = ViewController.swift; sourceTree = "<group>"; };
		5591E16F1F9A2FD200C17060 /* Base */ = {isa = PBXFileReference; lastKnownFileType = file.storyboard; name = Base; path = Base.lproj/Main.storyboard; sourceTree = "<group>"; };
		5591E1711F9A2FD200C17060 /* Assets.xcassets */ = {isa = PBXFileReference; lastKnownFileType = folder.assetcatalog; path = Assets.xcassets; sourceTree = "<group>"; };
		5591E1741F9A2FD200C17060 /* Base */ = {isa = PBXFileReference; lastKnownFileType = file.storyboard; name = Base; path = Base.lproj/LaunchScreen.storyboard; sourceTree = "<group>"; };
		5591E1761F9A2FD200C17060 /* Info.plist */ = {isa = PBXFileReference; lastKnownFileType = text.plist.xml; path = Info.plist; sourceTree = "<group>"; };
		5591E17B1F9A2FD200C17060 /* Project16Tests.xctest */ = {isa = PBXFileReference; explicitFileType = wrapper.cfbundle; includeInIndex = 0; path = Project16Tests.xctest; sourceTree = BUILT_PRODUCTS_DIR; };
		5591E17F1F9A2FD300C17060 /* Project16Tests.swift */ = {isa = PBXFileReference; lastKnownFileType = sourcecode.swift; path = Project16Tests.swift; sourceTree = "<group>"; };
		5591E1811F9A2FD300C17060 /* Info.plist */ = {isa = PBXFileReference; lastKnownFileType = text.plist.xml; path = Info.plist; sourceTree = "<group>"; };
		5591E18E1F9A54F700C17060 /* Extension.appex */ = {isa = PBXFileReference; explicitFileType = "wrapper.app-extension"; includeInIndex = 0; path = Extension.appex; sourceTree = BUILT_PRODUCTS_DIR; };
		5591E1901F9A54F700C17060 /* ActionViewController.swift */ = {isa = PBXFileReference; lastKnownFileType = sourcecode.swift; path = ActionViewController.swift; sourceTree = "<group>"; };
		5591E1931F9A54F700C17060 /* Base */ = {isa = PBXFileReference; lastKnownFileType = file.storyboard; name = Base; path = Base.lproj/MainInterface.storyboard; sourceTree = "<group>"; };
		5591E1951F9A54F700C17060 /* Info.plist */ = {isa = PBXFileReference; lastKnownFileType = text.plist.xml; path = Info.plist; sourceTree = "<group>"; };
		5591E19D1F9A5CE000C17060 /* Action.js */ = {isa = PBXFileReference; lastKnownFileType = sourcecode.javascript; path = Action.js; sourceTree = "<group>"; };
/* End PBXFileReference section */

/* Begin PBXFrameworksBuildPhase section */
		5591E1641F9A2FD200C17060 /* Frameworks */ = {
			isa = PBXFrameworksBuildPhase;
			buildActionMask = 2147483647;
			files = (
			);
			runOnlyForDeploymentPostprocessing = 0;
		};
		5591E1781F9A2FD200C17060 /* Frameworks */ = {
			isa = PBXFrameworksBuildPhase;
			buildActionMask = 2147483647;
			files = (
			);
			runOnlyForDeploymentPostprocessing = 0;
		};
		5591E18B1F9A54F700C17060 /* Frameworks */ = {
			isa = PBXFrameworksBuildPhase;
			buildActionMask = 2147483647;
			files = (
			);
			runOnlyForDeploymentPostprocessing = 0;
		};
/* End PBXFrameworksBuildPhase section */

/* Begin PBXGroup section */
		5591E15E1F9A2FD200C17060 = {
			isa = PBXGroup;
			children = (
				5591E1691F9A2FD200C17060 /* Project16 */,
				5591E17E1F9A2FD300C17060 /* Project16Tests */,
				5591E18F1F9A54F700C17060 /* Extension */,
				5591E1681F9A2FD200C17060 /* Products */,
			);
			sourceTree = "<group>";
		};
		5591E1681F9A2FD200C17060 /* Products */ = {
			isa = PBXGroup;
			children = (
				5591E1671F9A2FD200C17060 /* Project16.app */,
				5591E17B1F9A2FD200C17060 /* Project16Tests.xctest */,
				5591E18E1F9A54F700C17060 /* Extension.appex */,
			);
			name = Products;
			sourceTree = "<group>";
		};
		5591E1691F9A2FD200C17060 /* Project16 */ = {
			isa = PBXGroup;
			children = (
				5591E16A1F9A2FD200C17060 /* AppDelegate.swift */,
				5591E16C1F9A2FD200C17060 /* ViewController.swift */,
				5591E16E1F9A2FD200C17060 /* Main.storyboard */,
				5591E1711F9A2FD200C17060 /* Assets.xcassets */,
				5591E1731F9A2FD200C17060 /* LaunchScreen.storyboard */,
				5591E1761F9A2FD200C17060 /* Info.plist */,
			);
			path = Project16;
			sourceTree = "<group>";
		};
		5591E17E1F9A2FD300C17060 /* Project16Tests */ = {
			isa = PBXGroup;
			children = (
				5591E17F1F9A2FD300C17060 /* Project16Tests.swift */,
				5591E1811F9A2FD300C17060 /* Info.plist */,
			);
			path = Project16Tests;
			sourceTree = "<group>";
		};
		5591E18F1F9A54F700C17060 /* Extension */ = {
			isa = PBXGroup;
			children = (
				5591E1901F9A54F700C17060 /* ActionViewController.swift */,
				5591E1921F9A54F700C17060 /* MainInterface.storyboard */,
				5591E1951F9A54F700C17060 /* Info.plist */,
				5591E19D1F9A5CE000C17060 /* Action.js */,
			);
			path = Extension;
			sourceTree = "<group>";
		};
/* End PBXGroup section */

/* Begin PBXNativeTarget section */
		5591E1661F9A2FD200C17060 /* Project16 */ = {
			isa = PBXNativeTarget;
			buildConfigurationList = 5591E1841F9A2FD300C17060 /* Build configuration list for PBXNativeTarget "Project16" */;
			buildPhases = (
				5591E1631F9A2FD200C17060 /* Sources */,
				5591E1641F9A2FD200C17060 /* Frameworks */,
				5591E1651F9A2FD200C17060 /* Resources */,
				5591E19C1F9A54F700C17060 /* Embed App Extensions */,
			);
			buildRules = (
			);
			dependencies = (
				5591E1971F9A54F700C17060 /* PBXTargetDependency */,
			);
			name = Project16;
			productName = Project16;
			productReference = 5591E1671F9A2FD200C17060 /* Project16.app */;
			productType = "com.apple.product-type.application";
		};
		5591E17A1F9A2FD200C17060 /* Project16Tests */ = {
			isa = PBXNativeTarget;
			buildConfigurationList = 5591E1871F9A2FD300C17060 /* Build configuration list for PBXNativeTarget "Project16Tests" */;
			buildPhases = (
				5591E1771F9A2FD200C17060 /* Sources */,
				5591E1781F9A2FD200C17060 /* Frameworks */,
				5591E1791F9A2FD200C17060 /* Resources */,
			);
			buildRules = (
			);
			dependencies = (
				5591E17D1F9A2FD200C17060 /* PBXTargetDependency */,
			);
			name = Project16Tests;
			productName = Project16Tests;
			productReference = 5591E17B1F9A2FD200C17060 /* Project16Tests.xctest */;
			productType = "com.apple.product-type.bundle.unit-test";
		};
		5591E18D1F9A54F700C17060 /* Extension */ = {
			isa = PBXNativeTarget;
			buildConfigurationList = 5591E1991F9A54F700C17060 /* Build configuration list for PBXNativeTarget "Extension" */;
			buildPhases = (
				5591E18A1F9A54F700C17060 /* Sources */,
				5591E18B1F9A54F700C17060 /* Frameworks */,
				5591E18C1F9A54F700C17060 /* Resources */,
			);
			buildRules = (
			);
			dependencies = (
			);
			name = Extension;
			productName = Extension;
			productReference = 5591E18E1F9A54F700C17060 /* Extension.appex */;
			productType = "com.apple.product-type.app-extension";
		};
/* End PBXNativeTarget section */

/* Begin PBXProject section */
		5591E15F1F9A2FD200C17060 /* Project object */ = {
			isa = PBXProject;
			attributes = {
				LastSwiftUpdateCheck = 0900;
				LastUpgradeCheck = 0900;
				ORGANIZATIONNAME = "halloween-jack";
				TargetAttributes = {
					5591E1661F9A2FD200C17060 = {
						CreatedOnToolsVersion = 9.0.1;
						ProvisioningStyle = Automatic;
					};
					5591E17A1F9A2FD200C17060 = {
						CreatedOnToolsVersion = 9.0.1;
						ProvisioningStyle = Automatic;
						TestTargetID = 5591E1661F9A2FD200C17060;
					};
					5591E18D1F9A54F700C17060 = {
						CreatedOnToolsVersion = 9.0.1;
						ProvisioningStyle = Automatic;
					};
				};
			};
			buildConfigurationList = 5591E1621F9A2FD200C17060 /* Build configuration list for PBXProject "Project16" */;
			compatibilityVersion = "Xcode 8.0";
			developmentRegion = en;
			hasScannedForEncodings = 0;
			knownRegions = (
				en,
				Base,
			);
			mainGroup = 5591E15E1F9A2FD200C17060;
			productRefGroup = 5591E1681F9A2FD200C17060 /* Products */;
			projectDirPath = "";
			projectRoot = "";
			targets = (
				5591E1661F9A2FD200C17060 /* Project16 */,
				5591E17A1F9A2FD200C17060 /* Project16Tests */,
				5591E18D1F9A54F700C17060 /* Extension */,
			);
		};
/* End PBXProject section */

/* Begin PBXResourcesBuildPhase section */
		5591E1651F9A2FD200C17060 /* Resources */ = {
			isa = PBXResourcesBuildPhase;
			buildActionMask = 2147483647;
			files = (
				5591E1751F9A2FD200C17060 /* LaunchScreen.storyboard in Resources */,
				5591E1721F9A2FD200C17060 /* Assets.xcassets in Resources */,
				5591E1701F9A2FD200C17060 /* Main.storyboard in Resources */,
			);
			runOnlyForDeploymentPostprocessing = 0;
		};
		5591E1791F9A2FD200C17060 /* Resources */ = {
			isa = PBXResourcesBuildPhase;
			buildActionMask = 2147483647;
			files = (
			);
			runOnlyForDeploymentPostprocessing = 0;
		};
		5591E18C1F9A54F700C17060 /* Resources */ = {
			isa = PBXResourcesBuildPhase;
			buildActionMask = 2147483647;
			files = (
				5591E19E1F9A5CE000C17060 /* Action.js in Resources */,
				5591E1941F9A54F700C17060 /* MainInterface.storyboard in Resources */,
			);
			runOnlyForDeploymentPostprocessing = 0;
		};
/* End PBXResourcesBuildPhase section */

/* Begin PBXSourcesBuildPhase section */
		5591E1631F9A2FD200C17060 /* Sources */ = {
			isa = PBXSourcesBuildPhase;
			buildActionMask = 2147483647;
			files = (
				5591E16D1F9A2FD200C17060 /* ViewController.swift in Sources */,
				5591E16B1F9A2FD200C17060 /* AppDelegate.swift in Sources */,
			);
			runOnlyForDeploymentPostprocessing = 0;
		};
		5591E1771F9A2FD200C17060 /* Sources */ = {
			isa = PBXSourcesBuildPhase;
			buildActionMask = 2147483647;
			files = (
				5591E1801F9A2FD300C17060 /* Project16Tests.swift in Sources */,
			);
			runOnlyForDeploymentPostprocessing = 0;
		};
		5591E18A1F9A54F700C17060 /* Sources */ = {
			isa = PBXSourcesBuildPhase;
			buildActionMask = 2147483647;
			files = (
				5591E1911F9A54F700C17060 /* ActionViewController.swift in Sources */,
			);
			runOnlyForDeploymentPostprocessing = 0;
		};
/* End PBXSourcesBuildPhase section */

/* Begin PBXTargetDependency section */
		5591E17D1F9A2FD200C17060 /* PBXTargetDependency */ = {
			isa = PBXTargetDependency;
			target = 5591E1661F9A2FD200C17060 /* Project16 */;
			targetProxy = 5591E17C1F9A2FD200C17060 /* PBXContainerItemProxy */;
		};
		5591E1971F9A54F700C17060 /* PBXTargetDependency */ = {
			isa = PBXTargetDependency;
			target = 5591E18D1F9A54F700C17060 /* Extension */;
			targetProxy = 5591E1961F9A54F700C17060 /* PBXContainerItemProxy */;
		};
/* End PBXTargetDependency section */

/* Begin PBXVariantGroup section */
		5591E16E1F9A2FD200C17060 /* Main.storyboard */ = {
			isa = PBXVariantGroup;
			children = (
				5591E16F1F9A2FD200C17060 /* Base */,
			);
			name = Main.storyboard;
			sourceTree = "<group>";
		};
		5591E1731F9A2FD200C17060 /* LaunchScreen.storyboard */ = {
			isa = PBXVariantGroup;
			children = (
				5591E1741F9A2FD200C17060 /* Base */,
			);
			name = LaunchScreen.storyboard;
			sourceTree = "<group>";
		};
		5591E1921F9A54F700C17060 /* MainInterface.storyboard */ = {
			isa = PBXVariantGroup;
			children = (
				5591E1931F9A54F700C17060 /* Base */,
			);
			name = MainInterface.storyboard;
			sourceTree = "<group>";
		};
/* End PBXVariantGroup section */

/* Begin XCBuildConfiguration section */
		5591E1821F9A2FD300C17060 /* Debug */ = {
			isa = XCBuildConfiguration;
			buildSettings = {
				ALWAYS_SEARCH_USER_PATHS = NO;
				CLANG_ANALYZER_NONNULL = YES;
				CLANG_ANALYZER_NUMBER_OBJECT_CONVERSION = YES_AGGRESSIVE;
				CLANG_CXX_LANGUAGE_STANDARD = "gnu++14";
				CLANG_CXX_LIBRARY = "libc++";
				CLANG_ENABLE_MODULES = YES;
				CLANG_ENABLE_OBJC_ARC = YES;
				CLANG_WARN_BLOCK_CAPTURE_AUTORELEASING = YES;
				CLANG_WARN_BOOL_CONVERSION = YES;
				CLANG_WARN_COMMA = YES;
				CLANG_WARN_CONSTANT_CONVERSION = YES;
				CLANG_WARN_DIRECT_OBJC_ISA_USAGE = YES_ERROR;
				CLANG_WARN_DOCUMENTATION_COMMENTS = YES;
				CLANG_WARN_EMPTY_BODY = YES;
				CLANG_WARN_ENUM_CONVERSION = YES;
				CLANG_WARN_INFINITE_RECURSION = YES;
				CLANG_WARN_INT_CONVERSION = YES;
				CLANG_WARN_NON_LITERAL_NULL_CONVERSION = YES;
				CLANG_WARN_OBJC_LITERAL_CONVERSION = YES;
				CLANG_WARN_OBJC_ROOT_CLASS = YES_ERROR;
				CLANG_WARN_RANGE_LOOP_ANALYSIS = YES;
				CLANG_WARN_STRICT_PROTOTYPES = YES;
				CLANG_WARN_SUSPICIOUS_MOVE = YES;
				CLANG_WARN_UNGUARDED_AVAILABILITY = YES_AGGRESSIVE;
				CLANG_WARN_UNREACHABLE_CODE = YES;
				CLANG_WARN__DUPLICATE_METHOD_MATCH = YES;
				CODE_SIGN_IDENTITY = "iPhone Developer";
				COPY_PHASE_STRIP = NO;
				DEBUG_INFORMATION_FORMAT = dwarf;
				ENABLE_STRICT_OBJC_MSGSEND = YES;
				ENABLE_TESTABILITY = YES;
				GCC_C_LANGUAGE_STANDARD = gnu11;
				GCC_DYNAMIC_NO_PIC = NO;
				GCC_NO_COMMON_BLOCKS = YES;
				GCC_OPTIMIZATION_LEVEL = 0;
				GCC_PREPROCESSOR_DEFINITIONS = (
					"DEBUG=1",
					"$(inherited)",
				);
				GCC_WARN_64_TO_32_BIT_CONVERSION = YES;
				GCC_WARN_ABOUT_RETURN_TYPE = YES_ERROR;
				GCC_WARN_UNDECLARED_SELECTOR = YES;
				GCC_WARN_UNINITIALIZED_AUTOS = YES_AGGRESSIVE;
				GCC_WARN_UNUSED_FUNCTION = YES;
				GCC_WARN_UNUSED_VARIABLE = YES;
				IPHONEOS_DEPLOYMENT_TARGET = 11.0;
				MTL_ENABLE_DEBUG_INFO = YES;
				ONLY_ACTIVE_ARCH = YES;
				SDKROOT = iphoneos;
				SWIFT_ACTIVE_COMPILATION_CONDITIONS = DEBUG;
				SWIFT_OPTIMIZATION_LEVEL = "-Onone";
			};
			name = Debug;
		};
		5591E1831F9A2FD300C17060 /* Release */ = {
			isa = XCBuildConfiguration;
			buildSettings = {
				ALWAYS_SEARCH_USER_PATHS = NO;
				CLANG_ANALYZER_NONNULL = YES;
				CLANG_ANALYZER_NUMBER_OBJECT_CONVERSION = YES_AGGRESSIVE;
				CLANG_CXX_LANGUAGE_STANDARD = "gnu++14";
				CLANG_CXX_LIBRARY = "libc++";
				CLANG_ENABLE_MODULES = YES;
				CLANG_ENABLE_OBJC_ARC = YES;
				CLANG_WARN_BLOCK_CAPTURE_AUTORELEASING = YES;
				CLANG_WARN_BOOL_CONVERSION = YES;
				CLANG_WARN_COMMA = YES;
				CLANG_WARN_CONSTANT_CONVERSION = YES;
				CLANG_WARN_DIRECT_OBJC_ISA_USAGE = YES_ERROR;
				CLANG_WARN_DOCUMENTATION_COMMENTS = YES;
				CLANG_WARN_EMPTY_BODY = YES;
				CLANG_WARN_ENUM_CONVERSION = YES;
				CLANG_WARN_INFINITE_RECURSION = YES;
				CLANG_WARN_INT_CONVERSION = YES;
				CLANG_WARN_NON_LITERAL_NULL_CONVERSION = YES;
				CLANG_WARN_OBJC_LITERAL_CONVERSION = YES;
				CLANG_WARN_OBJC_ROOT_CLASS = YES_ERROR;
				CLANG_WARN_RANGE_LOOP_ANALYSIS = YES;
				CLANG_WARN_STRICT_PROTOTYPES = YES;
				CLANG_WARN_SUSPICIOUS_MOVE = YES;
				CLANG_WARN_UNGUARDED_AVAILABILITY = YES_AGGRESSIVE;
				CLANG_WARN_UNREACHABLE_CODE = YES;
				CLANG_WARN__DUPLICATE_METHOD_MATCH = YES;
				CODE_SIGN_IDENTITY = "iPhone Developer";
				COPY_PHASE_STRIP = NO;
				DEBUG_INFORMATION_FORMAT = "dwarf-with-dsym";
				ENABLE_NS_ASSERTIONS = NO;
				ENABLE_STRICT_OBJC_MSGSEND = YES;
				GCC_C_LANGUAGE_STANDARD = gnu11;
				GCC_NO_COMMON_BLOCKS = YES;
				GCC_WARN_64_TO_32_BIT_CONVERSION = YES;
				GCC_WARN_ABOUT_RETURN_TYPE = YES_ERROR;
				GCC_WARN_UNDECLARED_SELECTOR = YES;
				GCC_WARN_UNINITIALIZED_AUTOS = YES_AGGRESSIVE;
				GCC_WARN_UNUSED_FUNCTION = YES;
				GCC_WARN_UNUSED_VARIABLE = YES;
				IPHONEOS_DEPLOYMENT_TARGET = 11.0;
				MTL_ENABLE_DEBUG_INFO = NO;
				SDKROOT = iphoneos;
				SWIFT_OPTIMIZATION_LEVEL = "-Owholemodule";
				VALIDATE_PRODUCT = YES;
			};
			name = Release;
		};
		5591E1851F9A2FD300C17060 /* Debug */ = {
			isa = XCBuildConfiguration;
			buildSettings = {
				ALWAYS_EMBED_SWIFT_STANDARD_LIBRARIES = YES;
				ASSETCATALOG_COMPILER_APPICON_NAME = AppIcon;
				CODE_SIGN_STYLE = Automatic;
				INFOPLIST_FILE = Project16/Info.plist;
				LD_RUNPATH_SEARCH_PATHS = "$(inherited) @executable_path/Frameworks";
				PRODUCT_BUNDLE_IDENTIFIER = com.example.Project16;
				PRODUCT_NAME = "$(TARGET_NAME)";
				SWIFT_VERSION = 4.0;
				TARGETED_DEVICE_FAMILY = "1,2";
			};
			name = Debug;
		};
		5591E1861F9A2FD300C17060 /* Release */ = {
			isa = XCBuildConfiguration;
			buildSettings = {
				ALWAYS_EMBED_SWIFT_STANDARD_LIBRARIES = YES;
				ASSETCATALOG_COMPILER_APPICON_NAME = AppIcon;
				CODE_SIGN_STYLE = Automatic;
				INFOPLIST_FILE = Project16/Info.plist;
				LD_RUNPATH_SEARCH_PATHS = "$(inherited) @executable_path/Frameworks";
				PRODUCT_BUNDLE_IDENTIFIER = com.example.Project16;
				PRODUCT_NAME = "$(TARGET_NAME)";
				SWIFT_VERSION = 4.0;
				TARGETED_DEVICE_FAMILY = "1,2";
			};
			name = Release;
		};
		5591E1881F9A2FD300C17060 /* Debug */ = {
			isa = XCBuildConfiguration;
			buildSettings = {
				ALWAYS_EMBED_SWIFT_STANDARD_LIBRARIES = YES;
				BUNDLE_LOADER = "$(TEST_HOST)";
				CODE_SIGN_STYLE = Automatic;
				INFOPLIST_FILE = Project16Tests/Info.plist;
				LD_RUNPATH_SEARCH_PATHS = "$(inherited) @executable_path/Frameworks @loader_path/Frameworks";
				PRODUCT_BUNDLE_IDENTIFIER = com.example.Project16Tests;
				PRODUCT_NAME = "$(TARGET_NAME)";
				SWIFT_VERSION = 4.0;
				TARGETED_DEVICE_FAMILY = "1,2";
				TEST_HOST = "$(BUILT_PRODUCTS_DIR)/Project16.app/Project16";
			};
			name = Debug;
		};
		5591E1891F9A2FD300C17060 /* Release */ = {
			isa = XCBuildConfiguration;
			buildSettings = {
				ALWAYS_EMBED_SWIFT_STANDARD_LIBRARIES = YES;
				BUNDLE_LOADER = "$(TEST_HOST)";
				CODE_SIGN_STYLE = Automatic;
				INFOPLIST_FILE = Project16Tests/Info.plist;
				LD_RUNPATH_SEARCH_PATHS = "$(inherited) @executable_path/Frameworks @loader_path/Frameworks";
				PRODUCT_BUNDLE_IDENTIFIER = com.example.Project16Tests;
				PRODUCT_NAME = "$(TARGET_NAME)";
				SWIFT_VERSION = 4.0;
				TARGETED_DEVICE_FAMILY = "1,2";
				TEST_HOST = "$(BUILT_PRODUCTS_DIR)/Project16.app/Project16";
			};
			name = Release;
		};
		5591E19A1F9A54F700C17060 /* Debug */ = {
			isa = XCBuildConfiguration;
			buildSettings = {
				CODE_SIGN_STYLE = Automatic;
				INFOPLIST_FILE = Extension/Info.plist;
				LD_RUNPATH_SEARCH_PATHS = "$(inherited) @executable_path/Frameworks @executable_path/../../Frameworks";
				PRODUCT_BUNDLE_IDENTIFIER = com.example.Project16.Extension;
				PRODUCT_NAME = "$(TARGET_NAME)";
				SKIP_INSTALL = YES;
				SWIFT_VERSION = 4.0;
				TARGETED_DEVICE_FAMILY = "1,2";
			};
			name = Debug;
		};
		5591E19B1F9A54F700C17060 /* Release */ = {
			isa = XCBuildConfiguration;
			buildSettings = {
				CODE_SIGN_STYLE = Automatic;
				INFOPLIST_FILE = Extension/Info.plist;
				LD_RUNPATH_SEARCH_PATHS = "$(inherited) @executable_path/Frameworks @executable_path/../../Frameworks";
				PRODUCT_BUNDLE_IDENTIFIER = com.example.Project16.Extension;
				PRODUCT_NAME = "$(TARGET_NAME)";
				SKIP_INSTALL = YES;
				SWIFT_VERSION = 4.0;
				TARGETED_DEVICE_FAMILY = "1,2";
			};
			name = Release;
		};
/* End XCBuildConfiguration section */

/* Begin XCConfigurationList section */
		5591E1621F9A2FD200C17060 /* Build configuration list for PBXProject "Project16" */ = {
			isa = XCConfigurationList;
			buildConfigurations = (
				5591E1821F9A2FD300C17060 /* Debug */,
				5591E1831F9A2FD300C17060 /* Release */,
			);
			defaultConfigurationIsVisible = 0;
			defaultConfigurationName = Release;
		};
		5591E1841F9A2FD300C17060 /* Build configuration list for PBXNativeTarget "Project16" */ = {
			isa = XCConfigurationList;
			buildConfigurations = (
				5591E1851F9A2FD300C17060 /* Debug */,
				5591E1861F9A2FD300C17060 /* Release */,
			);
			defaultConfigurationIsVisible = 0;
			defaultConfigurationName = Release;
		};
		5591E1871F9A2FD300C17060 /* Build configuration list for PBXNativeTarget "Project16Tests" */ = {
			isa = XCConfigurationList;
			buildConfigurations = (
				5591E1881F9A2FD300C17060 /* Debug */,
				5591E1891F9A2FD300C17060 /* Release */,
			);
			defaultConfigurationIsVisible = 0;
			defaultConfigurationName = Release;
		};
		5591E1991F9A54F700C17060 /* Build configuration list for PBXNativeTarget "Extension" */ = {
			isa = XCConfigurationList;
			buildConfigurations = (
				5591E19A1F9A54F700C17060 /* Debug */,
				5591E19B1F9A54F700C17060 /* Release */,
			);
			defaultConfigurationIsVisible = 0;
			defaultConfigurationName = Release;
		};
/* End XCConfigurationList section */
	};
	rootObject = 5591E15F1F9A2FD200C17060 /* Project object */;
}
